%{
  "backoff": {:hex, :backoff, "1.1.6", "83b72ed2108ba1ee8f7d1c22e0b4a00cfe3593a67dbc792799e8cce9f42f796b", [:rebar3], [], "hexpm", "cf0cfff8995fb20562f822e5cc47d8ccf664c5ecdc26a684cbe85c225f9d7c39"},
  "bandit": {:hex, :bandit, "1.7.0", "d1564f30553c97d3e25f9623144bb8df11f3787a26733f00b21699a128105c0c", [:mix], [{:hpax, "~> 1.0", [hex: :hpax, repo: "hexpm", optional: false]}, {:plug, "~> 1.18", [hex: :plug, repo: "hexpm", optional: false]}, {:telemetry, "~> 0.4 or ~> 1.0", [hex: :telemetry, repo: "hexpm", optional: false]}, {:thousand_island, "~> 1.0", [hex: :thousand_island, repo: "hexpm", optional: false]}, {:websock, "~> 0.5", [hex: :websock, repo: "hexpm", optional: false]}], "hexpm", "3e2f7a98c7a11f48d9d8c037f7177cd39778e74d55c7af06fe6227c742a8168a"},
  "broadway": {:hex, :broadway, "1.2.1", "83a1567423c26885e15f6cd8670ca790370af2fcff2ede7fa88c5ea793087a67", [:mix], [{:gen_stage, "~> 1.0", [hex: :gen_stage, repo: "hexpm", optional: false]}, {:nimble_options, "~> 0.3.7 or ~> 0.4 or ~> 1.0", [hex: :nimble_options, repo: "hexpm", optional: false]}, {:telemetry, "~> 0.4.3 or ~> 1.0", [hex: :telemetry, repo: "hexpm", optional: false]}], "hexpm", "68ae63d83b55bdca0f95cd49feee5fb74c5a6bec557caf940860fe07dbc8a4fb"},
  "bunt": {:hex, :bunt, "1.0.0", "081c2c665f086849e6d57900292b3a161727ab40431219529f13c4ddcf3e7a44", [:mix], [], "hexpm", "dc5f86aa08a5f6fa6b8096f0735c4e76d54ae5c9fa2c143e5a1fc7c1cd9bb6b5"},
  "castore": {:hex, :castore, "1.0.14", "4582dd7d630b48cf5e1ca8d3d42494db51e406b7ba704e81fbd401866366896a", [:mix], [], "hexpm", "7bc1b65249d31701393edaaac18ec8398d8974d52c647b7904d01b964137b9f4"},
  "commanded": {:hex, :commanded, "1.4.8", "a35b3894126a90a47400e670fead1ce2227c3bedfbd1ee15a78a088ae62bf251", [:mix], [{:backoff, "~> 1.1", [hex: :backoff, repo: "hexpm", optional: false]}, {:jason, "~> 1.4", [hex: :jason, repo: "hexpm", optional: true]}, {:phoenix_pubsub, "~> 2.1", [hex: :phoenix_pubsub, repo: "hexpm", optional: true]}, {:telemetry, "~> 0.4 or ~> 1.0", [hex: :telemetry, repo: "hexpm", optional: false]}, {:telemetry_registry, "~> 0.2", [hex: :telemetry_registry, repo: "hexpm", optional: false]}], "hexpm", "bfbfb93dc017f4c225a64ac78cc0c09d7d97e16f71dd8b97b4fcc6e59ac01caa"},
  "commanded_ecto_projections": {:hex, :commanded_ecto_projections, "1.4.0", "a1b220577577d5e0aee4c92b2d9bc6de221f9c1ac2ab36932cba15881761332f", [:mix], [{:commanded, "~> 1.4", [hex: :commanded, repo: "hexpm", optional: false]}, {:ecto, "~> 3.11", [hex: :ecto, repo: "hexpm", optional: false]}, {:ecto_sql, "~> 3.11", [hex: :ecto_sql, repo: "hexpm", optional: false]}, {:jason, "~> 1.4", [hex: :jason, repo: "hexpm", optional: true]}], "hexpm", "8919a6173cd8f30fe2f948c2967f9289c7f5fe4eeca7abc67966bfca31f4aa9f"},
  "commanded_eventstore_adapter": {:hex, :commanded_eventstore_adapter, "1.4.2", "4f2d9d9bd8ef7807a5a4c278b4344adddbbbb4d9c86c693872bc85b944be1fe8", [:mix], [{:commanded, "~> 1.4", [hex: :commanded, repo: "hexpm", optional: false]}, {:eventstore, "~> 1.4", [hex: :eventstore, repo: "hexpm", optional: false]}, {:jason, "~> 1.4", [hex: :jason, repo: "hexpm", optional: true]}], "hexpm", "26eaa68515e3e73834d769b73bddfea76c3fdcaff085d735c22b82a66ba19b10"},
  "credo": {:hex, :credo, "1.7.12", "9e3c20463de4b5f3f23721527fcaf16722ec815e70ff6c60b86412c695d426c1", [:mix], [{:bunt, "~> 0.2.1 or ~> 1.0", [hex: :bunt, repo: "hexpm", optional: false]}, {:file_system, "~> 0.2 or ~> 1.0", [hex: :file_system, repo: "hexpm", optional: false]}, {:jason, "~> 1.0", [hex: :jason, repo: "hexpm", optional: false]}], "hexpm", "8493d45c656c5427d9c729235b99d498bd133421f3e0a683e5c1b561471291e5"},
  "db_connection": {:hex, :db_connection, "2.8.0", "64fd82cfa6d8e25ec6660cea73e92a4cbc6a18b31343910427b702838c4b33b2", [:mix], [{:telemetry, "~> 0.4 or ~> 1.0", [hex: :telemetry, repo: "hexpm", optional: false]}], "hexpm", "008399dae5eee1bf5caa6e86d204dcb44242c82b1ed5e22c881f2c34da201b15"},
  "decimal": {:hex, :decimal, "2.3.0", "3ad6255aa77b4a3c4f818171b12d237500e63525c2fd056699967a3e7ea20f62", [:mix], [], "hexpm", "a4d66355cb29cb47c3cf30e71329e58361cfcb37c34235ef3bf1d7bf3773aeac"},
  "dialyxir": {:hex, :dialyxir, "1.3.0", "fd1672f0922b7648ff9ce7b1b26fcf0ef56dda964a459892ad15f6b4410b5284", [:mix], [{:erlex, ">= 0.2.6", [hex: :erlex, repo: "hexpm", optional: false]}], "hexpm", "00b2a4bcd6aa8db9dcb0b38c1225b7277dca9bc370b6438715667071a304696f"},
  "dns_cluster": {:hex, :dns_cluster, "0.1.3", "0bc20a2c88ed6cc494f2964075c359f8c2d00e1bf25518a6a6c7fd277c9b0c66", [:mix], [], "hexpm", "46cb7c4a1b3e52c7ad4cbe33ca5079fbde4840dedeafca2baf77996c2da1bc33"},
  "ecto": {:hex, :ecto, "3.11.2", "e1d26be989db350a633667c5cda9c3d115ae779b66da567c68c80cfb26a8c9ee", [:mix], [{:decimal, "~> 2.0", [hex: :decimal, repo: "hexpm", optional: false]}, {:jason, "~> 1.0", [hex: :jason, repo: "hexpm", optional: true]}, {:telemetry, "~> 0.4 or ~> 1.0", [hex: :telemetry, repo: "hexpm", optional: false]}], "hexpm", "3c38bca2c6f8d8023f2145326cc8a80100c3ffe4dcbd9842ff867f7fc6156c65"},
  "ecto_sql": {:hex, :ecto_sql, "3.11.3", "4eb7348ff8101fbc4e6bbc5a4404a24fecbe73a3372d16569526b0cf34ebc195", [:mix], [{:db_connection, "~> 2.4.1 or ~> 2.5", [hex: :db_connection, repo: "hexpm", optional: false]}, {:ecto, "~> 3.11.0", [hex: :ecto, repo: "hexpm", optional: false]}, {:myxql, "~> 0.6", [hex: :myxql, repo: "hexpm", optional: true]}, {:postgrex, "~> 0.16 or ~> 1.0", [hex: :postgrex, repo: "hexpm", optional: true]}, {:tds, "~> 2.1.1 or ~> 2.2", [hex: :tds, repo: "hexpm", optional: true]}, {:telemetry, "~> 0.4.0 or ~> 1.0", [hex: :telemetry, repo: "hexpm", optional: false]}], "hexpm", "e5f36e3d736b99c7fee3e631333b8394ade4bafe9d96d35669fca2d81c2be928"},
  "erlex": {:hex, :erlex, "0.2.7", "810e8725f96ab74d17aac676e748627a07bc87eb950d2b83acd29dc047a30595", [:mix], [], "hexpm", "3ed95f79d1a844c3f6bf0cea61e0d5612a42ce56da9c03f01df538685365efb0"},
  "esbuild": {:hex, :esbuild, "0.10.0", "b0aa3388a1c23e727c5a3e7427c932d89ee791746b0081bbe56103e9ef3d291f", [:mix], [{:jason, "~> 1.4", [hex: :jason, repo: "hexpm", optional: false]}], "hexpm", "468489cda427b974a7cc9f03ace55368a83e1a7be12fba7e30969af78e5f8c70"},
  "eventstore": {:hex, :eventstore, "1.4.8", "26778c991cfb078f3906a4267060efc7bb5e5943f69ddb8ae6fb60f07042a66e", [:mix], [{:fsm, "~> 0.3", [hex: :fsm, repo: "hexpm", optional: false]}, {:gen_stage, "~> 1.2", [hex: :gen_stage, repo: "hexpm", optional: false]}, {:jason, "~> 1.4", [hex: :jason, repo: "hexpm", optional: true]}, {:poolboy, "~> 1.5", [hex: :poolboy, repo: "hexpm", optional: true]}, {:postgrex, "~> 0.17", [hex: :postgrex, repo: "hexpm", optional: false]}], "hexpm", "30c914602fdea8db5992a90ecb1f84068531e764cf0c066be71ff0eec4e3bcb9"},
  "file_system": {:hex, :file_system, "1.1.0", "08d232062284546c6c34426997dd7ef6ec9f8bbd090eb91780283c9016840e8f", [:mix], [], "hexpm", "bfcf81244f416871f2a2e15c1b515287faa5db9c6bcf290222206d120b3d43f6"},
  "finch": {:hex, :finch, "0.19.0", "c644641491ea854fc5c1bbaef36bfc764e3f08e7185e1f084e35e0672241b76d", [:mix], [{:mime, "~> 1.0 or ~> 2.0", [hex: :mime, repo: "hexpm", optional: false]}, {:mint, "~> 1.6.2 or ~> 1.7", [hex: :mint, repo: "hexpm", optional: false]}, {:nimble_options, "~> 0.4 or ~> 1.0", [hex: :nimble_options, repo: "hexpm", optional: false]}, {:nimble_pool, "~> 1.1", [hex: :nimble_pool, repo: "hexpm", optional: false]}, {:telemetry, "~> 0.4 or ~> 1.0", [hex: :telemetry, repo: "hexpm", optional: false]}], "hexpm", "fc5324ce209125d1e2fa0fcd2634601c52a787aff1cd33ee833664a5af4ea2b6"},
  "floki": {:hex, :floki, "0.38.0", "62b642386fa3f2f90713f6e231da0fa3256e41ef1089f83b6ceac7a3fd3abf33", [:mix], [], "hexpm", "a5943ee91e93fb2d635b612caf5508e36d37548e84928463ef9dd986f0d1abd9"},
  "fsm": {:hex, :fsm, "0.3.1", "087aa9b02779a84320dc7a2d8464452b5308e29877921b2bde81cdba32a12390", [:mix], [], "hexpm", "fbf0d53f89e9082b326b0b5828b94b4c549ff9d1452bbfd00b4d1ac082208e96"},
  "gen_stage": {:hex, :gen_stage, "1.3.0", "d3e102a781e30de7bc14f5bacf31c4563f5390733d6d811dd020421803cae3eb", [:mix], [], "hexpm", "02b4263f8937a5039db34637879c3332dd5eb909b463493a0e7ab996dfcf19fa"},
  "geo": {:hex, :geo, "4.0.1", "f4ae3fd912b0536bfe9ec3bce15eb554197ab0739c01297c8534c20dcedd561c", [:mix], [{:jason, "~> 1.4", [hex: :jason, repo: "hexpm", optional: true]}], "hexpm", "32eb624feff75d043bbdd43f67e3869c5fc729e221333271b07cdc98ba98563d"},
  "geo_postgis": {:hex, :geo_postgis, "3.7.1", "614f25b42334a615bd54bb09c22030b1aac7bac8f829bd823ab1faccf093a324", [:mix], [{:ecto, "~> 3.0", [hex: :ecto, repo: "hexpm", optional: true]}, {:geo, "~> 3.6 or ~> 4.0", [hex: :geo, repo: "hexpm", optional: false]}, {:jason, "~> 1.2", [hex: :jason, repo: "hexpm", optional: true]}, {:poison, "~> 2.2 or ~> 3.0 or ~> 4.0 or ~> 5.0 or ~> 6.0", [hex: :poison, repo: "hexpm", optional: true]}, {:postgrex, ">= 0.0.0", [hex: :postgrex, repo: "hexpm", optional: false]}], "hexpm", "c20d823c600d35b7fe9ddd5be03052bb7136c57d6f1775dbd46871545e405280"},
  "heroicons": {:git, "https://github.com/tailwindlabs/heroicons.git", "88ab3a0d790e6a47404cba02800a6b25d2afae50", [tag: "v2.1.1", sparse: "optimized", depth: 1]},
  "hpax": {:hex, :hpax, "1.0.3", "ed67ef51ad4df91e75cc6a1494f851850c0bd98ebc0be6e81b026e765ee535aa", [:mix], [], "hexpm", "8eab6e1cfa8d5918c2ce4ba43588e894af35dbd8e91e6e55c817bca5847df34a"},
  "jason": {:hex, :jason, "1.4.4", "b9226785a9aa77b6857ca22832cffa5d5011a667207eb2a0ad56adb5db443b8a", [:mix], [{:decimal, "~> 1.0 or ~> 2.0", [hex: :decimal, repo: "hexpm", optional: true]}], "hexpm", "c5eb0cab91f094599f94d55bc63409236a8ec69a21a67814529e8d5f6cc90b3b"},
  "mime": {:hex, :mime, "2.0.7", "b8d739037be7cd402aee1ba0306edfdef982687ee7e9859bee6198c1e7e2f128", [:mix], [], "hexpm", "6171188e399ee16023ffc5b76ce445eb6d9672e2e241d2df6050f3c771e80ccd"},
  "mint": {:hex, :mint, "1.7.1", "113fdb2b2f3b59e47c7955971854641c61f378549d73e829e1768de90fc1abf1", [:mix], [{:castore, "~> 0.1.0 or ~> 1.0", [hex: :castore, repo: "hexpm", optional: true]}, {:hpax, "~> 0.1.1 or ~> 0.2.0 or ~> 1.0", [hex: :hpax, repo: "hexpm", optional: false]}], "hexpm", "fceba0a4d0f24301ddee3024ae116df1c3f4bb7a563a731f45fdfeb9d39a231b"},
  "mix_test_interactive": {:hex, :mix_test_interactive, "5.0.0", "25cf62399732043b4477ad7d9ece5f1fd6003eee6b1570c082d1534f32e027fd", [:mix], [{:file_system, "~> 0.2 or ~> 1.0", [hex: :file_system, repo: "hexpm", optional: false]}, {:process_tree, "~> 0.1.3 or ~> 0.2.0", [hex: :process_tree, repo: "hexpm", optional: false]}, {:typed_struct, "~> 0.3.0", [hex: :typed_struct, repo: "hexpm", optional: false]}], "hexpm", "8c721001810620d146b15f0e309737edfcaee957638912788788f7d10814f894"},
  "nimble_options": {:hex, :nimble_options, "1.1.1", "e3a492d54d85fc3fd7c5baf411d9d2852922f66e69476317787a7b2bb000a61b", [:mix], [], "hexpm", "821b2470ca9442c4b6984882fe9bb0389371b8ddec4d45a9504f00a66f650b44"},
  "nimble_pool": {:hex, :nimble_pool, "1.1.0", "bf9c29fbdcba3564a8b800d1eeb5a3c58f36e1e11d7b7fb2e084a643f645f06b", [:mix], [], "hexpm", "af2e4e6b34197db81f7aad230c1118eac993acc0dae6bc83bac0126d4ae0813a"},
  "phoenix": {:hex, :phoenix, "1.7.21", "14ca4f1071a5f65121217d6b57ac5712d1857e40a0833aff7a691b7870fc9a3b", [:mix], [{:castore, ">= 0.0.0", [hex: :castore, repo: "hexpm", optional: false]}, {:jason, "~> 1.0", [hex: :jason, repo: "hexpm", optional: true]}, {:phoenix_pubsub, "~> 2.1", [hex: :phoenix_pubsub, repo: "hexpm", optional: false]}, {:phoenix_template, "~> 1.0", [hex: :phoenix_template, repo: "hexpm", optional: false]}, {:phoenix_view, "~> 2.0", [hex: :phoenix_view, repo: "hexpm", optional: true]}, {:plug, "~> 1.14", [hex: :plug, repo: "hexpm", optional: false]}, {:plug_cowboy, "~> 2.7", [hex: :plug_cowboy, repo: "hexpm", optional: true]}, {:plug_crypto, "~> 1.2 or ~> 2.0", [hex: :plug_crypto, repo: "hexpm", optional: false]}, {:telemetry, "~> 0.4 or ~> 1.0", [hex: :telemetry, repo: "hexpm", optional: false]}, {:websock_adapter, "~> 0.5.3", [hex: :websock_adapter, repo: "hexpm", optional: false]}], "hexpm", "336dce4f86cba56fed312a7d280bf2282c720abb6074bdb1b61ec8095bdd0bc9"},
  "phoenix_html": {:hex, :phoenix_html, "4.2.1", "35279e2a39140068fc03f8874408d58eef734e488fc142153f055c5454fd1c08", [:mix], [], "hexpm", "cff108100ae2715dd959ae8f2a8cef8e20b593f8dfd031c9cba92702cf23e053"},
  "phoenix_live_dashboard": {:hex, :phoenix_live_dashboard, "0.8.7", "405880012cb4b706f26dd1c6349125bfc903fb9e44d1ea668adaf4e04d4884b7", [:mix], [{:ecto, "~> 3.6.2 or ~> 3.7", [hex: :ecto, repo: "hexpm", optional: true]}, {:ecto_mysql_extras, "~> 0.5", [hex: :ecto_mysql_extras, repo: "hexpm", optional: true]}, {:ecto_psql_extras, "~> 0.7", [hex: :ecto_psql_extras, repo: "hexpm", optional: true]}, {:ecto_sqlite3_extras, "~> 1.1.7 or ~> 1.2.0", [hex: :ecto_sqlite3_extras, repo: "hexpm", optional: true]}, {:mime, "~> 1.6 or ~> 2.0", [hex: :mime, repo: "hexpm", optional: false]}, {:phoenix_live_view, "~> 0.19 or ~> 1.0", [hex: :phoenix_live_view, repo: "hexpm", optional: false]}, {:telemetry_metrics, "~> 0.6 or ~> 1.0", [hex: :telemetry_metrics, repo: "hexpm", optional: false]}], "hexpm", "3a8625cab39ec261d48a13b7468dc619c0ede099601b084e343968309bd4d7d7"},
  "phoenix_live_reload": {:hex, :phoenix_live_reload, "1.6.0", "2791fac0e2776b640192308cc90c0dbcf67843ad51387ed4ecae2038263d708d", [:mix], [{:file_system, "~> 0.2.10 or ~> 1.0", [hex: :file_system, repo: "hexpm", optional: false]}, {:phoenix, "~> 1.4", [hex: :phoenix, repo: "hexpm", optional: false]}], "hexpm", "b3a1fa036d7eb2f956774eda7a7638cf5123f8f2175aca6d6420a7f95e598e1c"},
  "phoenix_live_view": {:hex, :phoenix_live_view, "1.0.17", "beeb16d83a7d3760f7ad463df94e83b087577665d2acc0bf2987cd7d9778068f", [:mix], [{:floki, "~> 0.36", [hex: :floki, repo: "hexpm", optional: true]}, {:jason, "~> 1.0", [hex: :jason, repo: "hexpm", optional: true]}, {:phoenix, "~> 1.6.15 or ~> 1.7.0 or ~> 1.8.0-rc", [hex: :phoenix, repo: "hexpm", optional: false]}, {:phoenix_html, "~> 3.3 or ~> 4.0", [hex: :phoenix_html, repo: "hexpm", optional: false]}, {:phoenix_template, "~> 1.0", [hex: :phoenix_template, repo: "hexpm", optional: false]}, {:phoenix_view, "~> 2.0", [hex: :phoenix_view, repo: "hexpm", optional: true]}, {:plug, "~> 1.15", [hex: :plug, repo: "hexpm", optional: false]}, {:telemetry, "~> 0.4.2 or ~> 1.0", [hex: :telemetry, repo: "hexpm", optional: false]}], "hexpm", "a4ca05c1eb6922c4d07a508a75bfa12c45e5f4d8f77ae83283465f02c53741e1"},
  "phoenix_pubsub": {:hex, :phoenix_pubsub, "2.1.3", "3168d78ba41835aecad272d5e8cd51aa87a7ac9eb836eabc42f6e57538e3731d", [:mix], [], "hexpm", "bba06bc1dcfd8cb086759f0edc94a8ba2bc8896d5331a1e2c2902bf8e36ee502"},
  "phoenix_template": {:hex, :phoenix_template, "1.0.4", "e2092c132f3b5e5b2d49c96695342eb36d0ed514c5b252a77048d5969330d639", [:mix], [{:phoenix_html, "~> 2.14.2 or ~> 3.0 or ~> 4.0", [hex: :phoenix_html, repo: "hexpm", optional: true]}], "hexpm", "2c0c81f0e5c6753faf5cca2f229c9709919aba34fab866d3bc05060c9c444206"},
  "plug": {:hex, :plug, "1.18.0", "d78df36c41f7e798f2edf1f33e1727eae438e9dd5d809a9997c463a108244042", [:mix], [{:mime, "~> 1.0 or ~> 2.0", [hex: :mime, repo: "hexpm", optional: false]}, {:plug_crypto, "~> 1.1.1 or ~> 1.2 or ~> 2.0", [hex: :plug_crypto, repo: "hexpm", optional: false]}, {:telemetry, "~> 0.4.3 or ~> 1.0", [hex: :telemetry, repo: "hexpm", optional: false]}], "hexpm", "819f9e176d51e44dc38132e132fe0accaf6767eab7f0303431e404da8476cfa2"},
  "plug_crypto": {:hex, :plug_crypto, "2.1.1", "19bda8184399cb24afa10be734f84a16ea0a2bc65054e23a62bb10f06bc89491", [:mix], [], "hexpm", "6470bce6ffe41c8bd497612ffde1a7e4af67f36a15eea5f921af71cf3e11247c"},
  "postgrex": {:hex, :postgrex, "0.17.5", "0483d054938a8dc069b21bdd636bf56c487404c241ce6c319c1f43588246b281", [:mix], [{:db_connection, "~> 2.1", [hex: :db_connection, repo: "hexpm", optional: false]}, {:decimal, "~> 1.5 or ~> 2.0", [hex: :decimal, repo: "hexpm", optional: false]}, {:jason, "~> 1.0", [hex: :jason, repo: "hexpm", optional: true]}, {:table, "~> 0.1.0", [hex: :table, repo: "hexpm", optional: true]}], "hexpm", "50b8b11afbb2c4095a3ba675b4f055c416d0f3d7de6633a595fc131a828a67eb"},
  "process_tree": {:hex, :process_tree, "0.2.1", "4ebcaa96c64a7833467909f49fee28a8e62eed04975613f4c81b4b99424f7e8a", [:mix], [], "hexpm", "68eee6bf0514351aeeda7037f1a6003c0e25de48fe6b7d15a1b0aebb4b35e713"},
  "swoosh": {:hex, :swoosh, "1.19.3", "02ad4455939f502386e4e1443d4de94c514995fd0e51b3cafffd6bd270ffe81c", [:mix], [{:bandit, ">= 1.0.0", [hex: :bandit, repo: "hexpm", optional: true]}, {:cowboy, "~> 1.1 or ~> 2.4", [hex: :cowboy, repo: "hexpm", optional: true]}, {:ex_aws, "~> 2.1", [hex: :ex_aws, repo: "hexpm", optional: true]}, {:finch, "~> 0.6", [hex: :finch, repo: "hexpm", optional: true]}, {:gen_smtp, "~> 0.13 or ~> 1.0", [hex: :gen_smtp, repo: "hexpm", optional: true]}, {:hackney, "~> 1.9", [hex: :hackney, repo: "hexpm", optional: true]}, {:jason, "~> 1.0", [hex: :jason, repo: "hexpm", optional: false]}, {:mail, "~> 0.2", [hex: :mail, repo: "hexpm", optional: true]}, {:mime, "~> 1.1 or ~> 2.0", [hex: :mime, repo: "hexpm", optional: false]}, {:mua, "~> 0.2.3", [hex: :mua, repo: "hexpm", optional: true]}, {:multipart, "~> 0.4", [hex: :multipart, repo: "hexpm", optional: true]}, {:plug, "~> 1.9", [hex: :plug, repo: "hexpm", optional: true]}, {:plug_cowboy, ">= 1.0.0", [hex: :plug_cowboy, repo: "hexpm", optional: true]}, {:req, "~> 0.5.10 or ~> 0.6 or ~> 1.0", [hex: :req, repo: "hexpm", optional: true]}, {:telemetry, "~> 0.4.2 or ~> 1.0", [hex: :telemetry, repo: "hexpm", optional: false]}], "hexpm", "04a10f8496786b744b84130e3510eb53ca51e769c39511b65023bdf4136b732f"},
  "tailwind": {:hex, :tailwind, "0.2.4", "5706ec47182d4e7045901302bf3a333e80f3d1af65c442ba9a9eed152fb26c2e", [:mix], [{:castore, ">= 0.0.0", [hex: :castore, repo: "hexpm", optional: false]}], "hexpm", "c6e4a82b8727bab593700c998a4d98cf3d8025678bfde059aed71d0000c3e463"},
  "telemetry": {:hex, :telemetry, "1.3.0", "fedebbae410d715cf8e7062c96a1ef32ec22e764197f70cda73d82778d61e7a2", [:rebar3], [], "hexpm", "7015fc8919dbe63764f4b4b87a95b7c0996bd539e0d499be6ec9d7f3875b79e6"},
  "telemetry_metrics": {:hex, :telemetry_metrics, "1.1.0", "5bd5f3b5637e0abea0426b947e3ce5dd304f8b3bc6617039e2b5a008adc02f8f", [:mix], [{:telemetry, "~> 0.4 or ~> 1.0", [hex: :telemetry, repo: "hexpm", optional: false]}], "hexpm", "e7b79e8ddfde70adb6db8a6623d1778ec66401f366e9a8f5dd0955c56bc8ce67"},
  "telemetry_poller": {:hex, :telemetry_poller, "1.2.0", "ba82e333215aed9dd2096f93bd1d13ae89d249f82760fcada0850ba33bac154b", [:rebar3], [{:telemetry, "~> 1.0", [hex: :telemetry, repo: "hexpm", optional: false]}], "hexpm", "7216e21a6c326eb9aa44328028c34e9fd348fb53667ca837be59d0aa2a0156e8"},
  "telemetry_registry": {:hex, :telemetry_registry, "0.3.2", "701576890320be6428189bff963e865e8f23e0ff3615eade8f78662be0fc003c", [:mix, :rebar3], [{:telemetry, "~> 1.0", [hex: :telemetry, repo: "hexpm", optional: false]}], "hexpm", "e7ed191eb1d115a3034af8e1e35e4e63d5348851d556646d46ca3d1b4e16bab9"},
  "thousand_island": {:hex, :thousand_island, "1.3.14", "ad45ebed2577b5437582bcc79c5eccd1e2a8c326abf6a3464ab6c06e2055a34a", [:mix], [{:telemetry, "~> 0.4 or ~> 1.0", [hex: :telemetry, repo: "hexpm", optional: false]}], "hexpm", "d0d24a929d31cdd1d7903a4fe7f2409afeedff092d277be604966cd6aa4307ef"},
  "typed_struct": {:hex, :typed_struct, "0.3.0", "939789e3c1dca39d7170c87f729127469d1315dcf99fee8e152bb774b17e7ff7", [:mix], [], "hexpm", "c50bd5c3a61fe4e198a8504f939be3d3c85903b382bde4865579bc23111d1b6d"},
  "websock": {:hex, :websock, "0.5.3", "2f69a6ebe810328555b6fe5c831a851f485e303a7c8ce6c5f675abeb20ebdadc", [:mix], [], "hexpm", "6105453d7fac22c712ad66fab1d45abdf049868f253cf719b625151460b8b453"},
  "websock_adapter": {:hex, :websock_adapter, "0.5.8", "3b97dc94e407e2d1fc666b2fb9acf6be81a1798a2602294aac000260a7c4a47d", [:mix], [{:bandit, ">= 0.6.0", [hex: :bandit, repo: "hexpm", optional: true]}, {:plug, "~> 1.14", [hex: :plug, repo: "hexpm", optional: false]}, {:plug_cowboy, "~> 2.6", [hex: :plug_cowboy, repo: "hexpm", optional: true]}, {:websock, "~> 0.5", [hex: :websock, repo: "hexpm", optional: false]}], "hexpm", "315b9a1865552212b5f35140ad194e67ce31af45bcee443d4ecb96b5fd3f3782"},
}
